9fans.net/go v0.0.2 h1:RYM6lWITV8oADrwLfdzxmt8ucfW6UtP9v1jg4qAbqts=
9fans.net/go v0.0.2/go.mod h1:lfPdxjq9v8pVQXUMBCx5EO5oLXWQFlKRQgs1kEkjoIM=
github.com/altid/libs v0.1.6-patched h1:76uQRElMnxXaHmVw/Q7FnmVi5EQlaBvXNQrH39qHSPM=
github.com/altid/libs v0.1.6-patched/go.mod h1:XX9tfc6JC3aXrRkDpXxDqfLNHLSo8l5RG8UWMwXjD68=
github.com/cenkalti/backoff v2.1.1+incompatible h1:tKJnvO2kl0zmb/jA5UKAt4VoEVw1qxKWjE/Bpp46npY=
github.com/cenkalti/backoff v2.1.1+incompatible/go.mod h1:90ReRw6GdpyfrHakVjL/QHaoyV4aDUVVkXQJJJ3NXXM=
github.com/davecgh/go-spew v1.1.0 h1:ZDRjVQ15GmhC3fiQ8ni8+OwkZQO4DARzQgrnXU1Liz8=
github.com/davecgh/go-spew v1.1.0/go.mod h1:J7Y8YcW2NihsgmVo/mv3lAwl/skON4iLHjSsI+c5H38=
github.com/dghubble/go-twitter v0.0.0-20190719072343-39e5462e111f h1:M2wB039zeS1/LZtN/3A7tWyfctiOBL4ty5PURBmDdWU=
github.com/dghubble/go-twitter v0.0.0-20190719072343-39e5462e111f/go.mod h1:xfg4uS5LEzOj8PgZV7SQYRHbG7jPUnelEiaAVJxmhJE=
github.com/dghubble/oauth1 v0.6.0 h1:m1yC01Ohc/eF38jwZ8JUjL1a+XHHXtGQgK+MxQbmSx0=
github.com/dghubble/oauth1 v0.6.0/go.mod h1:8pFdfPkv/jr8mkChVbNVuJ0suiHe278BtWI4Tk1ujxk=
github.com/dghubble/sling v1.3.0 h1:pZHjCJq4zJvc6qVQ5wN1jo5oNZlNE0+8T/h0XeXBUKU=
github.com/dghubble/sling v1.3.0/go.mod h1:XXShWaBWKzNLhu2OxikSNFrlsvowtz4kyRuXUG7oQKY=
github.com/google/go-querystring v1.0.0 h1:Xkwi/a1rcvNg1PPYe5vI8GbeBY/jrVuDX5ASuANWTrk=
github.com/google/go-querystring v1.0.0/go.mod h1:odCYkC5MyYFN7vkCjXpyrEuKhc/BUO6wN/zVPAxq5ck=
github.com/google/gofuzz v1.1.0 h1:Hsa8mG0dQ46ij8Sl2AYJDUv1oA9/d6Vk+3LG99Oe02g=
github.com/google/gofuzz v1.1.0/go.mod h1:dBl0BpW6vV/+mYPU4Po3pmUjxk6FQPldtuIdl/M65Eg=
github.com/mischief/ndb v0.0.0-20131219140803-a27299009a40 h1:ip5r+E7C1yo2glg9M2mzsI498AxAGXgIX9hfBbeVjJQ=
github.com/mischief/ndb v0.0.0-20131219140803-a27299009a40/go.mod h1:dumNHRNWG/onXBRnVYKT4aAqdFDvZzOu5hGYBPmOf/A=
github.com/mrjones/oauth v0.0.0-20190623134757-126b35219450 h1:j2kD3MT1z4PXCiUllUJF9mWUESr9TWKS7iEKsQ/IipM=
github.com/mrjones/oauth v0.0.0-20190623134757-126b35219450/go.mod h1:skjdDftzkFALcuGzYSklqYd8gvat6F1gZJ4YPVbkZpM=
github.com/pmezard/go-difflib v1.0.0 h1:4DBwDE0NGyQoBHbLQYPwSUPoCMWR5BEzIk/f1lZbAQM=
github.com/pmezard/go-difflib v1.0.0/go.mod h1:iKH77koFhYxTK1pcRnkKkqfTogsbg7gZNVY4sRDYZ/4=
github.com/stretchr/objx v0.1.0/go.mod h1:HFkY916IF+rwdDfMAkV7OtwuqBVzrE8GR6GFx+wExME=
github.com/stretchr/testify v1.3.0 h1:TivCn/peBQ7UY8ooIcPgZFpTNSz0Q2U6UrFlUfqbe0Q=
github.com/stretchr/testify v1.3.0/go.mod h1:M5WIy9Dh21IEIfnGCwXGc5bZfKNJtfHm1UVUgZn+9EI=
golang.org/x/crypto v0.0.0-20190308221718-c2843e01d9a2/go.mod h1:djNgcEr1/C05ACkg1iLfiJU5Ep61QUkGW8qpdssI0+w=
golang.org/x/net v0.0.0-20200301022130-244492dfa37a h1:GuSPYbZzB5/dcLNCwLQLsg3obCJtX9IJhpXkvY7kzk0=
golang.org/x/net v0.0.0-20200301022130-244492dfa37a/go.mod h1:z5CRVTTTmAJ677TzLLGU+0bjPO0LkuOLi4/5GtJWs/s=
golang.org/x/sys v0.0.0-20190215142949-d0b11bdaac8a/go.mod h1:STP8DvDyc/dI5b8T5hshtkjS+E42TnysNCUPdjciGhY=
golang.org/x/text v0.3.0/go.mod h1:NqM8EUOU14njkJ3fqMW+pc6Ldnwhi/IjpwHt7yyuwOQ=
